<?xml version="1.0" encoding="utf-8"?>
<Project ToolsVersion="14.0" xmlns="http://schemas.microsoft.com/developer/msbuild/2003">
  <ItemGroup>
    <Filter Include="Assets">
      <UniqueIdentifier>2261a89c-91a9-4307-9aef-ae89922fd430</UniqueIdentifier>
      <Extensions>bmp;fbx;gif;jpg;jpeg;tga;tiff;tif;png</Extensions>
    </Filter>
    <Image Include="Assets\Logo.scale-100.png">
      <Filter>Assets</Filter>
    </Image>
    <Image Include="Assets\SmallLogo.scale-100.png">
      <Filter>Assets</Filter>
    </Image>
    <Image Include="Assets\StoreLogo.scale-100.png">
      <Filter>Assets</Filter>
    </Image>
    <Image Include="Assets\SplashScreen.scale-100.png">
      <Filter>Assets</Filter>
    </Image>
    <Filter Include="MIDL">
      <UniqueIdentifier>{03edfb3b-58d3-4f85-9a57-90789014ddd3}</UniqueIdentifier>
      <Extensions>idl</Extensions>
    </Filter>
    <Filter Include="Headers">
      <UniqueIdentifier>{51d180df-2340-42af-ab44-3b0787b0f0fd}</UniqueIdentifier>
      <Extensions>h;hpp</Extensions>
    </Filter>
    <Filter Include="Sources">
      <UniqueIdentifier>{af88d346-a3a3-4a32-8e73-0550b47ec9c5}</UniqueIdentifier>
      <Extensions>c;cpp</Extensions>
    </Filter>
    <Filter Include="XAML">
      <UniqueIdentifier>{07809f7e-ed72-4a3f-b26b-e89d69c2f2ce}</UniqueIdentifier>
      <Extensions>xaml</Extensions>
    </Filter>
  </ItemGroup>
  <ItemGroup>
    <ClCompile Include="pch.cpp" />
    <ClCompile Include="Sources\App.xaml.cpp">
      <Filter>Sources</Filter>
    </ClCompile>
    <ClCompile Include="Sources\MainPage.cpp">
      <Filter>Sources</Filter>
    </ClCompile>
    <ClCompile Include="Sources\DependencyObject.cpp">
      <Filter>Sources</Filter>
    </ClCompile>
  </ItemGroup>
  <ItemGroup>
    <ClInclude Include="pch.h" />
    <ClInclude Include="Headers\App.xaml.h">
      <Filter>Headers</Filter>
    </ClInclude>
    <ClInclude Include="Headers\MainPage.h">
      <Filter>Headers</Filter>
    </ClInclude>
    <ClInclude Include="Headers\DependencyObject.h">
      <Filter>Headers</Filter>
    </ClInclude>
  </ItemGroup>
  <ItemGroup>
    <Image Include="Assets\WideLogo.scale-100.png">
      <Filter>Assets</Filter>
    </Image>
  </ItemGroup>
  <ItemGroup>
    <AppxManifest Include="Package.appxmanifest" />
  </ItemGroup>
  <ItemGroup>
    <None Include="RuntimeApplication_TemporaryKey.pfx" />
  </ItemGroup>
  <ItemGroup>
    <Midl Include="MIDL\MainPage.xaml.idl">
      <Filter>MIDL</Filter>
    </Midl>
  </ItemGroup>
  <ItemGroup>
    <Xml Include="XAML\MainPage.xaml">
      <Filter>XAML</Filter>
    </Xml>
    <Xml Include="XAML\App.xaml">
      <Filter>XAML</Filter>
    </Xml>
  </ItemGroup>
</Project>