
Microsoft Visual Studio Solution File, Format Version 12.00
# Visual Studio 14
VisualStudioVersion = 14.0.24720.0
MinimumVisualStudioVersion = 10.0.40219.1
Project("{2150E333-8FDC-42A3-9474-1A3956D46DE8}") = "Build", "Build", "{73B718C3-CF17-4916-87C8-78FC0AF412B8}"
	ProjectSection(SolutionItems) = preProject
		Build\common.props = Build\common.props
		Build\common.targets = Build\common.targets
		Build\midlrt.props = Build\midlrt.props
		Build\midlrt.targets = Build\midlrt.targets
		Build\MidlRT.xml = Build\MidlRT.xml
	EndProjectSection
EndProject
Project("{8BC9CEB8-8B4A-11D0-8D11-00A0C91BC942}") = "MTL", "MTL\MTL.vcxitems", "{8F74A2B9-8385-4336-A294-A64E3947E266}"
EndProject
Project("{2150E333-8FDC-42A3-9474-1A3956D46DE8}") = "Solution Items", "Solution Items", "{1D656C40-A59C-4B92-AD2E-B48C28E587AF}"
	ProjectSection(SolutionItems) = preProject
		README.md = README.md
	EndProjectSection
EndProject
Global
	GlobalSection(SolutionProperties) = preSolution
		HideSolutionNode = FALSE
	EndGlobalSection
EndGlobal
